// !$*UTF8*$!
{
	archiveVersion = 1;
	classes = {
	};
	objectVersion = 50;
	objects = {

/* Begin PBXBuildFile section */
		752895B02BD39C640018A6D0 /* AppDelegate.swift in Sources */ = {isa = PBXBuildFile; fileRef = 752895AF2BD39C640018A6D0 /* AppDelegate.swift */; };
		752895B42BD39C640018A6D0 /* ViewController.swift in Sources */ = {isa = PBXBuildFile; fileRef = 752895B32BD39C640018A6D0 /* ViewController.swift */; };
		752895B72BD39C640018A6D0 /* Main.storyboard in Resources */ = {isa = PBXBuildFile; fileRef = 752895B52BD39C640018A6D0 /* Main.storyboard */; };
		752895B92BD39C640018A6D0 /* Assets.xcassets in Resources */ = {isa = PBXBuildFile; fileRef = 752895B82BD39C640018A6D0 /* Assets.xcassets */; };
		752895BC2BD39C640018A6D0 /* LaunchScreen.storyboard in Resources */ = {isa = PBXBuildFile; fileRef = 752895BA2BD39C640018A6D0 /* LaunchScreen.storyboard */; };
		752895C72BD39C650018A6D0 /* databasedemoTests.swift in Sources */ = {isa = PBXBuildFile; fileRef = 752895C62BD39C650018A6D0 /* databasedemoTests.swift */; };
		752895D22BD39C650018A6D0 /* databasedemoUITests.swift in Sources */ = {isa = PBXBuildFile; fileRef = 752895D12BD39C650018A6D0 /* databasedemoUITests.swift */; };
		752895E62BD39D080018A6D0 /* person.swift in Sources */ = {isa = PBXBuildFile; fileRef = 752895E52BD39D080018A6D0 /* person.swift */; };
		752895EB2BD39D8A0018A6D0 /* DBHelper.swift in Sources */ = {isa = PBXBuildFile; fileRef = 752895EA2BD39D8A0018A6D0 /* DBHelper.swift */; };
		75570F132BD3AB0A00F4F017 /* DetailsViewController.swift in Sources */ = {isa = PBXBuildFile; fileRef = 75570F122BD3AB0A00F4F017 /* DetailsViewController.swift */; };
		75EE15BF2BDCCEC800E03FDF /* personcell.swift in Sources */ = {isa = PBXBuildFile; fileRef = 75EE15BE2BDCCEC800E03FDF /* personcell.swift */; };
/* End PBXBuildFile section */

/* Begin PBXContainerItemProxy section */
		752895C32BD39C650018A6D0 /* PBXContainerItemProxy */ = {
			isa = PBXContainerItemProxy;
			containerPortal = 752895A42BD39C640018A6D0 /* Project object */;
			proxyType = 1;
			remoteGlobalIDString = 752895AB2BD39C640018A6D0;
			remoteInfo = databasedemo;
		};
		752895CE2BD39C650018A6D0 /* PBXContainerItemProxy */ = {
			isa = PBXContainerItemProxy;
			containerPortal = 752895A42BD39C640018A6D0 /* Project object */;
			proxyType = 1;
			remoteGlobalIDString = 752895AB2BD39C640018A6D0;
			remoteInfo = databasedemo;
		};
/* End PBXContainerItemProxy section */

/* Begin PBXFileReference section */
		752895AC2BD39C640018A6D0 /* databasedemo.app */ = {isa = PBXFileReference; explicitFileType = wrapper.application; includeInIndex = 0; path = databasedemo.app; sourceTree = BUILT_PRODUCTS_DIR; };
		752895AF2BD39C640018A6D0 /* AppDelegate.swift */ = {isa = PBXFileReference; lastKnownFileType = sourcecode.swift; path = AppDelegate.swift; sourceTree = "<group>"; };
		752895B32BD39C640018A6D0 /* ViewController.swift */ = {isa = PBXFileReference; lastKnownFileType = sourcecode.swift; path = ViewController.swift; sourceTree = "<group>"; };
		752895B62BD39C640018A6D0 /* Base */ = {isa = PBXFileReference; lastKnownFileType = file.storyboard; name = Base; path = Base.lproj/Main.storyboard; sourceTree = "<group>"; };
		752895B82BD39C640018A6D0 /* Assets.xcassets */ = {isa = PBXFileReference; lastKnownFileType = folder.assetcatalog; path = Assets.xcassets; sourceTree = "<group>"; };
		752895BB2BD39C640018A6D0 /* Base */ = {isa = PBXFileReference; lastKnownFileType = file.storyboard; name = Base; path = Base.lproj/LaunchScreen.storyboard; sourceTree = "<group>"; };
		752895BD2BD39C650018A6D0 /* Info.plist */ = {isa = PBXFileReference; lastKnownFileType = text.plist.xml; path = Info.plist; sourceTree = "<group>"; };
		752895C22BD39C650018A6D0 /* databasedemoTests.xctest */ = {isa = PBXFileReference; explicitFileType = wrapper.cfbundle; includeInIndex = 0; path = databasedemoTests.xctest; sourceTree = BUILT_PRODUCTS_DIR; };
		752895C62BD39C650018A6D0 /* databasedemoTests.swift */ = {isa = PBXFileReference; lastKnownFileType = sourcecode.swift; path = databasedemoTests.swift; sourceTree = "<group>"; };
		752895C82BD39C650018A6D0 /* Info.plist */ = {isa = PBXFileReference; lastKnownFileType = text.plist.xml; path = Info.plist; sourceTree = "<group>"; };
		752895CD2BD39C650018A6D0 /* databasedemoUITests.xctest */ = {isa = PBXFileReference; explicitFileType = wrapper.cfbundle; includeInIndex = 0; path = databasedemoUITests.xctest; sourceTree = BUILT_PRODUCTS_DIR; };
		752895D12BD39C650018A6D0 /* databasedemoUITests.swift */ = {isa = PBXFileReference; lastKnownFileType = sourcecode.swift; path = databasedemoUITests.swift; sourceTree = "<group>"; };
		752895D32BD39C650018A6D0 /* Info.plist */ = {isa = PBXFileReference; lastKnownFileType = text.plist.xml; path = Info.plist; sourceTree = "<group>"; };
		752895E52BD39D080018A6D0 /* person.swift */ = {isa = PBXFileReference; lastKnownFileType = sourcecode.swift; path = person.swift; sourceTree = "<group>"; };
		752895EA2BD39D8A0018A6D0 /* DBHelper.swift */ = {isa = PBXFileReference; lastKnownFileType = sourcecode.swift; path = DBHelper.swift; sourceTree = "<group>"; };
		75570F122BD3AB0A00F4F017 /* DetailsViewController.swift */ = {isa = PBXFileReference; lastKnownFileType = sourcecode.swift; path = DetailsViewController.swift; sourceTree = "<group>"; };
		75EE15BE2BDCCEC800E03FDF /* personcell.swift */ = {isa = PBXFileReference; lastKnownFileType = sourcecode.swift; path = personcell.swift; sourceTree = "<group>"; };
/* End PBXFileReference section */

/* Begin PBXFrameworksBuildPhase section */
		752895A92BD39C640018A6D0 /* Frameworks */ = {
			isa = PBXFrameworksBuildPhase;
			buildActionMask = 2147483647;
			files = (
			);
			runOnlyForDeploymentPostprocessing = 0;
		};
		752895BF2BD39C650018A6D0 /* Frameworks */ = {
			isa = PBXFrameworksBuildPhase;
			buildActionMask = 2147483647;
			files = (
			);
			runOnlyForDeploymentPostprocessing = 0;
		};
		752895CA2BD39C650018A6D0 /* Frameworks */ = {
			isa = PBXFrameworksBuildPhase;
			buildActionMask = 2147483647;
			files = (
			);
			runOnlyForDeploymentPostprocessing = 0;
		};
/* End PBXFrameworksBuildPhase section */

/* Begin PBXGroup section */
		752895A32BD39C640018A6D0 = {
			isa = PBXGroup;
			children = (
				752895AE2BD39C640018A6D0 /* databasedemo */,
				752895C52BD39C650018A6D0 /* databasedemoTests */,
				752895D02BD39C650018A6D0 /* databasedemoUITests */,
				752895AD2BD39C640018A6D0 /* Products */,
			);
			sourceTree = "<group>";
		};
		752895AD2BD39C640018A6D0 /* Products */ = {
			isa = PBXGroup;
			children = (
				752895AC2BD39C640018A6D0 /* databasedemo.app */,
				752895C22BD39C650018A6D0 /* databasedemoTests.xctest */,
				752895CD2BD39C650018A6D0 /* databasedemoUITests.xctest */,
			);
			name = Products;
			sourceTree = "<group>";
		};
		752895AE2BD39C640018A6D0 /* databasedemo */ = {
			isa = PBXGroup;
			children = (
				752895AF2BD39C640018A6D0 /* AppDelegate.swift */,
				752895B32BD39C640018A6D0 /* ViewController.swift */,
				752895B52BD39C640018A6D0 /* Main.storyboard */,
				752895B82BD39C640018A6D0 /* Assets.xcassets */,
				752895BA2BD39C640018A6D0 /* LaunchScreen.storyboard */,
				752895BD2BD39C650018A6D0 /* Info.plist */,
				752895E52BD39D080018A6D0 /* person.swift */,
				752895EA2BD39D8A0018A6D0 /* DBHelper.swift */,
				75570F122BD3AB0A00F4F017 /* DetailsViewController.swift */,
				75EE15BE2BDCCEC800E03FDF /* personcell.swift */,
			);
			path = databasedemo;
			sourceTree = "<group>";
		};
		752895C52BD39C650018A6D0 /* databasedemoTests */ = {
			isa = PBXGroup;
			children = (
				752895C62BD39C650018A6D0 /* databasedemoTests.swift */,
				752895C82BD39C650018A6D0 /* Info.plist */,
			);
			path = databasedemoTests;
			sourceTree = "<group>";
		};
		752895D02BD39C650018A6D0 /* databasedemoUITests */ = {
			isa = PBXGroup;
			children = (
				752895D12BD39C650018A6D0 /* databasedemoUITests.swift */,
				752895D32BD39C650018A6D0 /* Info.plist */,
			);
			path = databasedemoUITests;
			sourceTree = "<group>";
		};
/* End PBXGroup section */

/* Begin PBXNativeTarget section */
		752895AB2BD39C640018A6D0 /* databasedemo */ = {
			isa = PBXNativeTarget;
			buildConfigurationList = 752895D62BD39C650018A6D0 /* Build configuration list for PBXNativeTarget "databasedemo" */;
			buildPhases = (
				752895A82BD39C640018A6D0 /* Sources */,
				752895A92BD39C640018A6D0 /* Frameworks */,
				752895AA2BD39C640018A6D0 /* Resources */,
			);
			buildRules = (
			);
			dependencies = (
			);
			name = databasedemo;
			productName = databasedemo;
			productReference = 752895AC2BD39C640018A6D0 /* databasedemo.app */;
			productType = "com.apple.product-type.application";
		};
		752895C12BD39C650018A6D0 /* databasedemoTests */ = {
			isa = PBXNativeTarget;
			buildConfigurationList = 752895D92BD39C650018A6D0 /* Build configuration list for PBXNativeTarget "databasedemoTests" */;
			buildPhases = (
				752895BE2BD39C650018A6D0 /* Sources */,
				752895BF2BD39C650018A6D0 /* Frameworks */,
				752895C02BD39C650018A6D0 /* Resources */,
			);
			buildRules = (
			);
			dependencies = (
				752895C42BD39C650018A6D0 /* PBXTargetDependency */,
			);
			name = databasedemoTests;
			productName = databasedemoTests;
			productReference = 752895C22BD39C650018A6D0 /* databasedemoTests.xctest */;
			productType = "com.apple.product-type.bundle.unit-test";
		};
		752895CC2BD39C650018A6D0 /* databasedemoUITests */ = {
			isa = PBXNativeTarget;
			buildConfigurationList = 752895DC2BD39C650018A6D0 /* Build configuration list for PBXNativeTarget "databasedemoUITests" */;
			buildPhases = (
				752895C92BD39C650018A6D0 /* Sources */,
				752895CA2BD39C650018A6D0 /* Frameworks */,
				752895CB2BD39C650018A6D0 /* Resources */,
			);
			buildRules = (
			);
			dependencies = (
				752895CF2BD39C650018A6D0 /* PBXTargetDependency */,
			);
			name = databasedemoUITests;
			productName = databasedemoUITests;
			productReference = 752895CD2BD39C650018A6D0 /* databasedemoUITests.xctest */;
			productType = "com.apple.product-type.bundle.ui-testing";
		};
/* End PBXNativeTarget section */

/* Begin PBXProject section */
		752895A42BD39C640018A6D0 /* Project object */ = {
			isa = PBXProject;
			attributes = {
				LastSwiftUpdateCheck = 1240;
				LastUpgradeCheck = 1240;
				TargetAttributes = {
					752895AB2BD39C640018A6D0 = {
						CreatedOnToolsVersion = 12.4;
					};
					752895C12BD39C650018A6D0 = {
						CreatedOnToolsVersion = 12.4;
						TestTargetID = 752895AB2BD39C640018A6D0;
					};
					752895CC2BD39C650018A6D0 = {
						CreatedOnToolsVersion = 12.4;
						TestTargetID = 752895AB2BD39C640018A6D0;
					};
				};
			};
			buildConfigurationList = 752895A72BD39C640018A6D0 /* Build configuration list for PBXProject "databasedemo" */;
			compatibilityVersion = "Xcode 9.3";
			developmentRegion = en;
			hasScannedForEncodings = 0;
			knownRegions = (
				en,
				Base,
			);
			mainGroup = 752895A32BD39C640018A6D0;
			productRefGroup = 752895AD2BD39C640018A6D0 /* Products */;
			projectDirPath = "";
			projectRoot = "";
			targets = (
				752895AB2BD39C640018A6D0 /* databasedemo */,
				752895C12BD39C650018A6D0 /* databasedemoTests */,
				752895CC2BD39C650018A6D0 /* databasedemoUITests */,
			);
		};
/* End PBXProject section */

/* Begin PBXResourcesBuildPhase section */
		752895AA2BD39C640018A6D0 /* Resources */ = {
			isa = PBXResourcesBuildPhase;
			buildActionMask = 2147483647;
			files = (
				752895BC2BD39C640018A6D0 /* LaunchScreen.storyboard in Resources */,
				752895B92BD39C640018A6D0 /* Assets.xcassets in Resources */,
				752895B72BD39C640018A6D0 /* Main.storyboard in Resources */,
			);
			runOnlyForDeploymentPostprocessing = 0;
		};
		752895C02BD39C650018A6D0 /* Resources */ = {
			isa = PBXResourcesBuildPhase;
			buildActionMask = 2147483647;
			files = (
			);
			runOnlyForDeploymentPostprocessing = 0;
		};
		752895CB2BD39C650018A6D0 /* Resources */ = {
			isa = PBXResourcesBuildPhase;
			buildActionMask = 2147483647;
			files = (
			);
			runOnlyForDeploymentPostprocessing = 0;
		};
/* End PBXResourcesBuildPhase section */

/* Begin PBXSourcesBuildPhase section */
		752895A82BD39C640018A6D0 /* Sources */ = {
			isa = PBXSourcesBuildPhase;
			buildActionMask = 2147483647;
			files = (
				752895B42BD39C640018A6D0 /* ViewController.swift in Sources */,
				752895E62BD39D080018A6D0 /* person.swift in Sources */,
				75EE15BF2BDCCEC800E03FDF /* personcell.swift in Sources */,
				752895B02BD39C640018A6D0 /* AppDelegate.swift in Sources */,
				752895EB2BD39D8A0018A6D0 /* DBHelper.swift in Sources */,
				75570F132BD3AB0A00F4F017 /* DetailsViewController.swift in Sources */,
			);
			runOnlyForDeploymentPostprocessing = 0;
		};
		752895BE2BD39C650018A6D0 /* Sources */ = {
			isa = PBXSourcesBuildPhase;
			buildActionMask = 2147483647;
			files = (
				752895C72BD39C650018A6D0 /* databasedemoTests.swift in Sources */,
			);
			runOnlyForDeploymentPostprocessing = 0;
		};
		752895C92BD39C650018A6D0 /* Sources */ = {
			isa = PBXSourcesBuildPhase;
			buildActionMask = 2147483647;
			files = (
				752895D22BD39C650018A6D0 /* databasedemoUITests.swift in Sources */,
			);
			runOnlyForDeploymentPostprocessing = 0;
		};
/* End PBXSourcesBuildPhase section */

/* Begin PBXTargetDependency section */
		752895C42BD39C650018A6D0 /* PBXTargetDependency */ = {
			isa = PBXTargetDependency;
			target = 752895AB2BD39C640018A6D0 /* databasedemo */;
			targetProxy = 752895C32BD39C650018A6D0 /* PBXContainerItemProxy */;
		};
		752895CF2BD39C650018A6D0 /* PBXTargetDependency */ = {
			isa = PBXTargetDependency;
			target = 752895AB2BD39C640018A6D0 /* databasedemo */;
			targetProxy = 752895CE2BD39C650018A6D0 /* PBXContainerItemProxy */;
		};
/* End PBXTargetDependency section */

/* Begin PBXVariantGroup section */
		752895B52BD39C640018A6D0 /* Main.storyboard */ = {
			isa = PBXVariantGroup;
			children = (
				752895B62BD39C640018A6D0 /* Base */,
			);
			name = Main.storyboard;
			sourceTree = "<group>";
		};
		752895BA2BD39C640018A6D0 /* LaunchScreen.storyboard */ = {
			isa = PBXVariantGroup;
			children = (
				752895BB2BD39C640018A6D0 /* Base */,
			);
			name = LaunchScreen.storyboard;
			sourceTree = "<group>";
		};
/* End PBXVariantGroup section */

/* Begin XCBuildConfiguration section */
		752895D42BD39C650018A6D0 /* Debug */ = {
			isa = XCBuildConfiguration;
			buildSettings = {
				ALWAYS_SEARCH_USER_PATHS = NO;
				CLANG_ANALYZER_NONNULL = YES;
				CLANG_ANALYZER_NUMBER_OBJECT_CONVERSION = YES_AGGRESSIVE;
				CLANG_CXX_LANGUAGE_STANDARD = "gnu++14";
				CLANG_CXX_LIBRARY = "libc++";
				CLANG_ENABLE_MODULES = YES;
				CLANG_ENABLE_OBJC_ARC = YES;
				CLANG_ENABLE_OBJC_WEAK = YES;
				CLANG_WARN_BLOCK_CAPTURE_AUTORELEASING = YES;
				CLANG_WARN_BOOL_CONVERSION = YES;
				CLANG_WARN_COMMA = YES;
				CLANG_WARN_CONSTANT_CONVERSION = YES;
				CLANG_WARN_DEPRECATED_OBJC_IMPLEMENTATIONS = YES;
				CLANG_WARN_DIRECT_OBJC_ISA_USAGE = YES_ERROR;
				CLANG_WARN_DOCUMENTATION_COMMENTS = YES;
				CLANG_WARN_EMPTY_BODY = YES;
				CLANG_WARN_ENUM_CONVERSION = YES;
				CLANG_WARN_INFINITE_RECURSION = YES;
				CLANG_WARN_INT_CONVERSION = YES;
				CLANG_WARN_NON_LITERAL_NULL_CONVERSION = YES;
				CLANG_WARN_OBJC_IMPLICIT_RETAIN_SELF = YES;
				CLANG_WARN_OBJC_LITERAL_CONVERSION = YES;
				CLANG_WARN_OBJC_ROOT_CLASS = YES_ERROR;
				CLANG_WARN_QUOTED_INCLUDE_IN_FRAMEWORK_HEADER = YES;
				CLANG_WARN_RANGE_LOOP_ANALYSIS = YES;
				CLANG_WARN_STRICT_PROTOTYPES = YES;
				CLANG_WARN_SUSPICIOUS_MOVE = YES;
				CLANG_WARN_UNGUARDED_AVAILABILITY = YES_AGGRESSIVE;
				CLANG_WARN_UNREACHABLE_CODE = YES;
				CLANG_WARN__DUPLICATE_METHOD_MATCH = YES;
				COPY_PHASE_STRIP = NO;
				DEBUG_INFORMATION_FORMAT = dwarf;
				ENABLE_STRICT_OBJC_MSGSEND = YES;
				ENABLE_TESTABILITY = YES;
				GCC_C_LANGUAGE_STANDARD = gnu11;
				GCC_DYNAMIC_NO_PIC = NO;
				GCC_NO_COMMON_BLOCKS = YES;
				GCC_OPTIMIZATION_LEVEL = 0;
				GCC_PREPROCESSOR_DEFINITIONS = (
					"DEBUG=1",
					"$(inherited)",
				);
				GCC_WARN_64_TO_32_BIT_CONVERSION = YES;
				GCC_WARN_ABOUT_RETURN_TYPE = YES_ERROR;
				GCC_WARN_UNDECLARED_SELECTOR = YES;
				GCC_WARN_UNINITIALIZED_AUTOS = YES_AGGRESSIVE;
				GCC_WARN_UNUSED_FUNCTION = YES;
				GCC_WARN_UNUSED_VARIABLE = YES;
				IPHONEOS_DEPLOYMENT_TARGET = 14.4;
				MTL_ENABLE_DEBUG_INFO = INCLUDE_SOURCE;
				MTL_FAST_MATH = YES;
				ONLY_ACTIVE_ARCH = YES;
				SDKROOT = iphoneos;
				SWIFT_ACTIVE_COMPILATION_CONDITIONS = DEBUG;
				SWIFT_OPTIMIZATION_LEVEL = "-Onone";
			};
			name = Debug;
		};
		752895D52BD39C650018A6D0 /* Release */ = {
			isa = XCBuildConfiguration;
			buildSettings = {
				ALWAYS_SEARCH_USER_PATHS = NO;
				CLANG_ANALYZER_NONNULL = YES;
				CLANG_ANALYZER_NUMBER_OBJECT_CONVERSION = YES_AGGRESSIVE;
				CLANG_CXX_LANGUAGE_STANDARD = "gnu++14";
				CLANG_CXX_LIBRARY = "libc++";
				CLANG_ENABLE_MODULES = YES;
				CLANG_ENABLE_OBJC_ARC = YES;
				CLANG_ENABLE_OBJC_WEAK = YES;
				CLANG_WARN_BLOCK_CAPTURE_AUTORELEASING = YES;
				CLANG_WARN_BOOL_CONVERSION = YES;
				CLANG_WARN_COMMA = YES;
				CLANG_WARN_CONSTANT_CONVERSION = YES;
				CLANG_WARN_DEPRECATED_OBJC_IMPLEMENTATIONS = YES;
				CLANG_WARN_DIRECT_OBJC_ISA_USAGE = YES_ERROR;
				CLANG_WARN_DOCUMENTATION_COMMENTS = YES;
				CLANG_WARN_EMPTY_BODY = YES;
				CLANG_WARN_ENUM_CONVERSION = YES;
				CLANG_WARN_INFINITE_RECURSION = YES;
				CLANG_WARN_INT_CONVERSION = YES;
				CLANG_WARN_NON_LITERAL_NULL_CONVERSION = YES;
				CLANG_WARN_OBJC_IMPLICIT_RETAIN_SELF = YES;
				CLANG_WARN_OBJC_LITERAL_CONVERSION = YES;
				CLANG_WARN_OBJC_ROOT_CLASS = YES_ERROR;
				CLANG_WARN_QUOTED_INCLUDE_IN_FRAMEWORK_HEADER = YES;
				CLANG_WARN_RANGE_LOOP_ANALYSIS = YES;
				CLANG_WARN_STRICT_PROTOTYPES = YES;
				CLANG_WARN_SUSPICIOUS_MOVE = YES;
				CLANG_WARN_UNGUARDED_AVAILABILITY = YES_AGGRESSIVE;
				CLANG_WARN_UNREACHABLE_CODE = YES;
				CLANG_WARN__DUPLICATE_METHOD_MATCH = YES;
				COPY_PHASE_STRIP = NO;
				DEBUG_INFORMATION_FORMAT = "dwarf-with-dsym";
				ENABLE_NS_ASSERTIONS = NO;
				ENABLE_STRICT_OBJC_MSGSEND = YES;
				GCC_C_LANGUAGE_STANDARD = gnu11;
				GCC_NO_COMMON_BLOCKS = YES;
				GCC_WARN_64_TO_32_BIT_CONVERSION = YES;
				GCC_WARN_ABOUT_RETURN_TYPE = YES_ERROR;
				GCC_WARN_UNDECLARED_SELECTOR = YES;
				GCC_WARN_UNINITIALIZED_AUTOS = YES_AGGRESSIVE;
				GCC_WARN_UNUSED_FUNCTION = YES;
				GCC_WARN_UNUSED_VARIABLE = YES;
				IPHONEOS_DEPLOYMENT_TARGET = 14.4;
				MTL_ENABLE_DEBUG_INFO = NO;
				MTL_FAST_MATH = YES;
				SDKROOT = iphoneos;
				SWIFT_COMPILATION_MODE = wholemodule;
				SWIFT_OPTIMIZATION_LEVEL = "-O";
				VALIDATE_PRODUCT = YES;
			};
			name = Release;
		};
		752895D72BD39C650018A6D0 /* Debug */ = {
			isa = XCBuildConfiguration;
			buildSettings = {
				ASSETCATALOG_COMPILER_APPICON_NAME = AppIcon;
				ASSETCATALOG_COMPILER_GLOBAL_ACCENT_COLOR_NAME = AccentColor;
				CODE_SIGN_STYLE = Automatic;
				INFOPLIST_FILE = databasedemo/Info.plist;
				LD_RUNPATH_SEARCH_PATHS = (
					"$(inherited)",
					"@executable_path/Frameworks",
				);
				PRODUCT_BUNDLE_IDENTIFIER = com.databasedemo;
				PRODUCT_NAME = "$(TARGET_NAME)";
				SWIFT_VERSION = 5.0;
				TARGETED_DEVICE_FAMILY = "1,2";
			};
			name = Debug;
		};
		752895D82BD39C650018A6D0 /* Release */ = {
			isa = XCBuildConfiguration;
			buildSettings = {
				ASSETCATALOG_COMPILER_APPICON_NAME = AppIcon;
				ASSETCATALOG_COMPILER_GLOBAL_ACCENT_COLOR_NAME = AccentColor;
				CODE_SIGN_STYLE = Automatic;
				INFOPLIST_FILE = databasedemo/Info.plist;
				LD_RUNPATH_SEARCH_PATHS = (
					"$(inherited)",
					"@executable_path/Frameworks",
				);
				PRODUCT_BUNDLE_IDENTIFIER = com.databasedemo;
				PRODUCT_NAME = "$(TARGET_NAME)";
				SWIFT_VERSION = 5.0;
				TARGETED_DEVICE_FAMILY = "1,2";
			};
			name = Release;
		};
		752895DA2BD39C650018A6D0 /* Debug */ = {
			isa = XCBuildConfiguration;
			buildSettings = {
				ALWAYS_EMBED_SWIFT_STANDARD_LIBRARIES = YES;
				BUNDLE_LOADER = "$(TEST_HOST)";
				CODE_SIGN_STYLE = Automatic;
				INFOPLIST_FILE = databasedemoTests/Info.plist;
				IPHONEOS_DEPLOYMENT_TARGET = 14.4;
				LD_RUNPATH_SEARCH_PATHS = (
					"$(inherited)",
					"@executable_path/Frameworks",
					"@loader_path/Frameworks",
				);
				PRODUCT_BUNDLE_IDENTIFIER = com.databasedemoTests;
				PRODUCT_NAME = "$(TARGET_NAME)";
				SWIFT_VERSION = 5.0;
				TARGETED_DEVICE_FAMILY = "1,2";
				TEST_HOST = "$(BUILT_PRODUCTS_DIR)/databasedemo.app/databasedemo";
			};
			name = Debug;
		};
		752895DB2BD39C650018A6D0 /* Release */ = {
			isa = XCBuildConfiguration;
			buildSettings = {
				ALWAYS_EMBED_SWIFT_STANDARD_LIBRARIES = YES;
				BUNDLE_LOADER = "$(TEST_HOST)";
				CODE_SIGN_STYLE = Automatic;
				INFOPLIST_FILE = databasedemoTests/Info.plist;
				IPHONEOS_DEPLOYMENT_TARGET = 14.4;
				LD_RUNPATH_SEARCH_PATHS = (
					"$(inherited)",
					"@executable_path/Frameworks",
					"@loader_path/Frameworks",
				);
				PRODUCT_BUNDLE_IDENTIFIER = com.databasedemoTests;
				PRODUCT_NAME = "$(TARGET_NAME)";
				SWIFT_VERSION = 5.0;
				TARGETED_DEVICE_FAMILY = "1,2";
				TEST_HOST = "$(BUILT_PRODUCTS_DIR)/databasedemo.app/databasedemo";
			};
			name = Release;
		};
		752895DD2BD39C650018A6D0 /* Debug */ = {
			isa = XCBuildConfiguration;
			buildSettings = {
				ALWAYS_EMBED_SWIFT_STANDARD_LIBRARIES = YES;
				CODE_SIGN_STYLE = Automatic;
				INFOPLIST_FILE = databasedemoUITests/Info.plist;
				LD_RUNPATH_SEARCH_PATHS = (
					"$(inherited)",
					"@executable_path/Frameworks",
					"@loader_path/Frameworks",
				);
				PRODUCT_BUNDLE_IDENTIFIER = com.databasedemoUITests;
				PRODUCT_NAME = "$(TARGET_NAME)";
				SWIFT_VERSION = 5.0;
				TARGETED_DEVICE_FAMILY = "1,2";
				TEST_TARGET_NAME = databasedemo;
			};
			name = Debug;
		};
		752895DE2BD39C650018A6D0 /* Release */ = {
			isa = XCBuildConfiguration;
			buildSettings = {
				ALWAYS_EMBED_SWIFT_STANDARD_LIBRARIES = YES;
				CODE_SIGN_STYLE = Automatic;
				INFOPLIST_FILE = databasedemoUITests/Info.plist;
				LD_RUNPATH_SEARCH_PATHS = (
					"$(inherited)",
					"@executable_path/Frameworks",
					"@loader_path/Frameworks",
				);
				PRODUCT_BUNDLE_IDENTIFIER = com.databasedemoUITests;
				PRODUCT_NAME = "$(TARGET_NAME)";
				SWIFT_VERSION = 5.0;
				TARGETED_DEVICE_FAMILY = "1,2";
				TEST_TARGET_NAME = databasedemo;
			};
			name = Release;
		};
/* End XCBuildConfiguration section */

/* Begin XCConfigurationList section */
		752895A72BD39C640018A6D0 /* Build configuration list for PBXProject "databasedemo" */ = {
			isa = XCConfigurationList;
			buildConfigurations = (
				752895D42BD39C650018A6D0 /* Debug */,
				752895D52BD39C650018A6D0 /* Release */,
			);
			defaultConfigurationIsVisible = 0;
			defaultConfigurationName = Release;
		};
		752895D62BD39C650018A6D0 /* Build configuration list for PBXNativeTarget "databasedemo" */ = {
			isa = XCConfigurationList;
			buildConfigurations = (
				752895D72BD39C650018A6D0 /* Debug */,
				752895D82BD39C650018A6D0 /* Release */,
			);
			defaultConfigurationIsVisible = 0;
			defaultConfigurationName = Release;
		};
		752895D92BD39C650018A6D0 /* Build configuration list for PBXNativeTarget "databasedemoTests" */ = {
			isa = XCConfigurationList;
			buildConfigurations = (
				752895DA2BD39C650018A6D0 /* Debug */,
				752895DB2BD39C650018A6D0 /* Release */,
			);
			defaultConfigurationIsVisible = 0;
			defaultConfigurationName = Release;
		};
		752895DC2BD39C650018A6D0 /* Build configuration list for PBXNativeTarget "databasedemoUITests" */ = {
			isa = XCConfigurationList;
			buildConfigurations = (
				752895DD2BD39C650018A6D0 /* Debug */,
				752895DE2BD39C650018A6D0 /* Release */,
			);
			defaultConfigurationIsVisible = 0;
			defaultConfigurationName = Release;
		};
/* End XCConfigurationList section */
	};
	rootObject = 752895A42BD39C640018A6D0 /* Project object */;
}
